
Microsoft Visual Studio Solution File, Format Version 10.00
# Visual Studio 2008
Project("{8BC9CEB8-8B4A-11D0-8D11-00A0C91BC942}") = "wsman_client_lib", "wsman_client_lib.vcproj", "{5E353111-F04C-4B7E-B68C-C7CB78EF4822}"
EndProject
Global
	GlobalSection(SolutionConfigurationPlatforms) = preSolution
		Debug|Win32 = Debug|Win32
		Release|Win32 = Release|Win32
	EndGlobalSection
	GlobalSection(ProjectConfigurationPlatforms) = postSolution
		{5E353111-F04C-4B7E-B68C-C7CB78EF4822}.Debug|Win32.ActiveCfg = Debug|Win32
		{5E353111-F04C-4B7E-B68C-C7CB78EF4822}.Debug|Win32.Build.0 = Debug|Win32
		{5E353111-F04C-4B7E-B68C-C7CB78EF4822}.Release|Win32.ActiveCfg = Release|Win32
		{5E353111-F04C-4B7E-B68C-C7CB78EF4822}.Release|Win32.Build.0 = Release|Win32
	EndGlobalSection
	GlobalSection(SolutionProperties) = preSolution
		HideSolutionNode = FALSE
	EndGlobalSection
EndGlobal
